<?xml version="1.0" encoding="utf-8"?>
<Project ToolsVersion="4.0" xmlns="http://schemas.microsoft.com/developer/msbuild/2003">
  <ItemGroup>
    <Filter Include="Исходные файлы">
      <UniqueIdentifier>{4FC737F1-C7A5-4376-A066-2A32D752A2FF}</UniqueIdentifier>
      <Extensions>cpp;c;cc;cxx;c++;cppm;ixx;def;odl;idl;hpj;bat;asm;asmx</Extensions>
    </Filter>
    <Filter Include="Файлы заголовков">
      <UniqueIdentifier>{93995380-89BD-4b04-88EB-625FBE52EBFB}</UniqueIdentifier>
      <Extensions>h;hh;hpp;hxx;h++;hm;inl;inc;ipp;xsd</Extensions>
    </Filter>
    <Filter Include="Файлы ресурсов">
      <UniqueIdentifier>{67DA6AB6-F800-4c08-8B7A-83BB121AAD01}</UniqueIdentifier>
      <Extensions>rc;ico;cur;bmp;dlg;rc2;rct;bin;rgs;gif;jpg;jpeg;jpe;resx;tiff;tif;png;wav;mfcribbon-ms</Extensions>
    </Filter>
  </ItemGroup>
  <ItemGroup>
    <ClCompile Include="CPP\DataBase.cpp">
      <Filter>Исходные файлы</Filter>
    </ClCompile>
    <ClCompile Include="CPP\DialigSystem.cpp">
      <Filter>Исходные файлы</Filter>
    </ClCompile>
    <ClCompile Include="CPP\Editor.cpp">
      <Filter>Исходные файлы</Filter>
    </ClCompile>
    <ClCompile Include="CPP\Game.cpp">
      <Filter>Исходные файлы</Filter>
    </ClCompile>
    <ClCompile Include="CPP\ItemManager.cpp">
      <Filter>Исходные файлы</Filter>
    </ClCompile>
    <ClCompile Include="CPP\Inventory.cpp">
      <Filter>Исходные файлы</Filter>
    </ClCompile>
    <ClCompile Include="CPP\Leaf.cpp">
      <Filter>Исходные файлы</Filter>
    </ClCompile>
    <ClCompile Include="CPP\Map.cpp">
      <Filter>Исходные файлы</Filter>
    </ClCompile>
    <ClCompile Include="CPP\MapManager.cpp">
      <Filter>Исходные файлы</Filter>
    </ClCompile>
    <ClCompile Include="CPP\Menu.cpp">
      <Filter>Исходные файлы</Filter>
    </ClCompile>
    <ClCompile Include="CPP\Player.cpp">
      <Filter>Исходные файлы</Filter>
    </ClCompile>
    <ClCompile Include="CPP\Pricol2.cpp">
      <Filter>Исходные файлы</Filter>
    </ClCompile>
    <ClCompile Include="CPP\Randomizer.cpp">
      <Filter>Исходные файлы</Filter>
    </ClCompile>
    <ClCompile Include="CPP\Raycast.cpp">
      <Filter>Исходные файлы</Filter>
    </ClCompile>
    <ClCompile Include="CPP\Renderer.cpp">
      <Filter>Исходные файлы</Filter>
    </ClCompile>
    <ClCompile Include="CPP\Resources.cpp">
      <Filter>Исходные файлы</Filter>
    </ClCompile>
    <ClCompile Include="CPP\sfmlExtetion.cpp">
      <Filter>Исходные файлы</Filter>
    </ClCompile>
    <ClCompile Include="CPP\SoundManager.cpp">
      <Filter>Исходные файлы</Filter>
    </ClCompile>
    <ClCompile Include="CPP\Sprite.cpp">
      <Filter>Исходные файлы</Filter>
    </ClCompile>
    <ClCompile Include="CPP\SpriteManager.cpp">
      <Filter>Исходные файлы</Filter>
    </ClCompile>
    <ClCompile Include="CPP\UIManager.cpp">
      <Filter>Исходные файлы</Filter>
    </ClCompile>
    <ClCompile Include="CPP\Weapon.cpp">
      <Filter>Исходные файлы</Filter>
    </ClCompile>
  </ItemGroup>
  <ItemGroup>
    <ClInclude Include="HPP\Animation.h">
      <Filter>Файлы заголовков</Filter>
    </ClInclude>
    <ClInclude Include="HPP\DataBase.h">
      <Filter>Файлы заголовков</Filter>
    </ClInclude>
    <ClInclude Include="HPP\DialogSystem.h">
      <Filter>Файлы заголовков</Filter>
    </ClInclude>
    <ClInclude Include="HPP\Editor.h">
      <Filter>Файлы заголовков</Filter>
    </ClInclude>
    <ClInclude Include="HPP\EventSystem.h">
      <Filter>Файлы заголовков</Filter>
    </ClInclude>
    <ClInclude Include="HPP\Game.h">
      <Filter>Файлы заголовков</Filter>
    </ClInclude>
    <ClInclude Include="HPP\ItemManager.h">
      <Filter>Файлы заголовков</Filter>
    </ClInclude>
    <ClInclude Include="HPP\Inventory.h">
      <Filter>Файлы заголовков</Filter>
    </ClInclude>
    <ClInclude Include="HPP\Leaf.h">
      <Filter>Файлы заголовков</Filter>
    </ClInclude>
    <ClInclude Include="HPP\Map.h">
      <Filter>Файлы заголовков</Filter>
    </ClInclude>
    <ClInclude Include="HPP\MapManager.h">
      <Filter>Файлы заголовков</Filter>
    </ClInclude>
    <ClInclude Include="HPP\Menu.h">
      <Filter>Файлы заголовков</Filter>
    </ClInclude>
    <ClInclude Include="HPP\Player.h">
      <Filter>Файлы заголовков</Filter>
    </ClInclude>
    <ClInclude Include="HPP\Randomizer.h">
      <Filter>Файлы заголовков</Filter>
    </ClInclude>
    <ClInclude Include="HPP\Raycast.h">
      <Filter>Файлы заголовков</Filter>
    </ClInclude>
    <ClInclude Include="HPP\Renderer.h">
      <Filter>Файлы заголовков</Filter>
    </ClInclude>
    <ClInclude Include="HPP\RenderState.h">
      <Filter>Файлы заголовков</Filter>
    </ClInclude>
    <ClInclude Include="HPP\Resources.h">
      <Filter>Файлы заголовков</Filter>
    </ClInclude>
    <ClInclude Include="HPP\sfmlExtantion.h">
      <Filter>Файлы заголовков</Filter>
    </ClInclude>
    <ClInclude Include="HPP\SoundManager.h">
      <Filter>Файлы заголовков</Filter>
    </ClInclude>
    <ClInclude Include="HPP\Sprite.h">
      <Filter>Файлы заголовков</Filter>
    </ClInclude>
    <ClInclude Include="HPP\SpriteManager.h">
      <Filter>Файлы заголовков</Filter>
    </ClInclude>
    <ClInclude Include="HPP\UIManeger.h">
      <Filter>Файлы заголовков</Filter>
    </ClInclude>
    <ClInclude Include="HPP\Weapon.h">
      <Filter>Файлы заголовков</Filter>
    </ClInclude>
  </ItemGroup>
  <ItemGroup>
    <Text Include="Data\KeyData.txt">
      <Filter>Файлы ресурсов</Filter>
    </Text>
    <Text Include="Data\TextData.txt">
      <Filter>Файлы ресурсов</Filter>
    </Text>
  </ItemGroup>
</Project>